
Microsoft Visual Studio Solution File, Format Version 12.00
# Visual Studio Version 16
VisualStudioVersion = 16.0.31624.102
MinimumVisualStudioVersion = 10.0.40219.1
Project("{FAE04EC0-301F-11D3-BF4B-00C04F79EFBC}") = "WpfApp3", "WpfApp3\WpfApp3.csproj", "{D7170306-60A0-418F-B24D-C0F2BAF15ADF}"
EndProject
Global
	GlobalSection(SolutionConfigurationPlatforms) = preSolution
		Debug|Any CPU = Debug|Any CPU
		Release|Any CPU = Release|Any CPU
	EndGlobalSection
	GlobalSection(ProjectConfigurationPlatforms) = postSolution
		{D7170306-60A0-418F-B24D-C0F2BAF15ADF}.Debug|Any CPU.ActiveCfg = Debug|Any CPU
		{D7170306-60A0-418F-B24D-C0F2BAF15ADF}.Debug|Any CPU.Build.0 = Debug|Any CPU
		{D7170306-60A0-418F-B24D-C0F2BAF15ADF}.Release|Any CPU.ActiveCfg = Release|Any CPU
		{D7170306-60A0-418F-B24D-C0F2BAF15ADF}.Release|Any CPU.Build.0 = Release|Any CPU
	EndGlobalSection
	GlobalSection(SolutionProperties) = preSolution
		HideSolutionNode = FALSE
	EndGlobalSection
	GlobalSection(ExtensibilityGlobals) = postSolution
		SolutionGuid = {9D948BF2-27DF-4D7A-A0CB-D29A2F9FBF50}
	EndGlobalSection
EndGlobal
